
Microsoft Visual Studio Solution File, Format Version 12.00
# Visual Studio Version 16
VisualStudioVersion = 16.0.31019.35
MinimumVisualStudioVersion = 10.0.40219.1
Project("{FAE04EC0-301F-11D3-BF4B-00C04F79EFBC}") = "ToCatchAGremlin.UI", "ToCatchAGremlin.UI\ToCatchAGremlin.UI.csproj", "{AFEBC8CB-4B7E-4A11-9F7A-D1749E93E58C}"
EndProject
Project("{FAE04EC0-301F-11D3-BF4B-00C04F79EFBC}") = "ToCatchAGemlin.POCO", "ToCatchAGemlin.POCO\ToCatchAGemlin.POCO.csproj", "{71A78AFF-20AF-4C61-899F-BC3A1B8A0CBD}"
EndProject
Project("{FAE04EC0-301F-11D3-BF4B-00C04F79EFBC}") = "ToCatchAGremlin.Repository", "ToCatchAGremlin.Repository\ToCatchAGremlin.Repository.csproj", "{D7871BF8-C88A-4DF4-9431-399F5610E73B}"
EndProject
Global
	GlobalSection(SolutionConfigurationPlatforms) = preSolution
		Debug|Any CPU = Debug|Any CPU
		Release|Any CPU = Release|Any CPU
	EndGlobalSection
	GlobalSection(ProjectConfigurationPlatforms) = postSolution
		{AFEBC8CB-4B7E-4A11-9F7A-D1749E93E58C}.Debug|Any CPU.ActiveCfg = Debug|Any CPU
		{AFEBC8CB-4B7E-4A11-9F7A-D1749E93E58C}.Debug|Any CPU.Build.0 = Debug|Any CPU
		{AFEBC8CB-4B7E-4A11-9F7A-D1749E93E58C}.Release|Any CPU.ActiveCfg = Release|Any CPU
		{AFEBC8CB-4B7E-4A11-9F7A-D1749E93E58C}.Release|Any CPU.Build.0 = Release|Any CPU
		{71A78AFF-20AF-4C61-899F-BC3A1B8A0CBD}.Debug|Any CPU.ActiveCfg = Debug|Any CPU
		{71A78AFF-20AF-4C61-899F-BC3A1B8A0CBD}.Debug|Any CPU.Build.0 = Debug|Any CPU
		{71A78AFF-20AF-4C61-899F-BC3A1B8A0CBD}.Release|Any CPU.ActiveCfg = Release|Any CPU
		{71A78AFF-20AF-4C61-899F-BC3A1B8A0CBD}.Release|Any CPU.Build.0 = Release|Any CPU
		{D7871BF8-C88A-4DF4-9431-399F5610E73B}.Debug|Any CPU.ActiveCfg = Debug|Any CPU
		{D7871BF8-C88A-4DF4-9431-399F5610E73B}.Debug|Any CPU.Build.0 = Debug|Any CPU
		{D7871BF8-C88A-4DF4-9431-399F5610E73B}.Release|Any CPU.ActiveCfg = Release|Any CPU
		{D7871BF8-C88A-4DF4-9431-399F5610E73B}.Release|Any CPU.Build.0 = Release|Any CPU
	EndGlobalSection
	GlobalSection(SolutionProperties) = preSolution
		HideSolutionNode = FALSE
	EndGlobalSection
	GlobalSection(ExtensibilityGlobals) = postSolution
		SolutionGuid = {B4C07345-C89C-4113-9D19-6FB6714FFCAA}
	EndGlobalSection
EndGlobal
